
Microsoft Visual Studio Solution File, Format Version 12.00
# Visual Studio Version 17
VisualStudioVersion = 17.11.35327.3
MinimumVisualStudioVersion = 10.0.40219.1
Project("{FAE04EC0-301F-11D3-BF4B-00C04F79EFBC}") = "ServiceBooking", "ServiceBooking\ServiceBooking.csproj", "{84149631-D481-4D0F-BFC6-347D1CAF7BC8}"
EndProject
Global
	GlobalSection(SolutionConfigurationPlatforms) = preSolution
		Debug|Any CPU = Debug|Any CPU
		Release|Any CPU = Release|Any CPU
	EndGlobalSection
	GlobalSection(ProjectConfigurationPlatforms) = postSolution
		{84149631-D481-4D0F-BFC6-347D1CAF7BC8}.Debug|Any CPU.ActiveCfg = Debug|Any CPU
		{84149631-D481-4D0F-BFC6-347D1CAF7BC8}.Debug|Any CPU.Build.0 = Debug|Any CPU
		{84149631-D481-4D0F-BFC6-347D1CAF7BC8}.Release|Any CPU.ActiveCfg = Release|Any CPU
		{84149631-D481-4D0F-BFC6-347D1CAF7BC8}.Release|Any CPU.Build.0 = Release|Any CPU
	EndGlobalSection
	GlobalSection(SolutionProperties) = preSolution
		HideSolutionNode = FALSE
	EndGlobalSection
	GlobalSection(ExtensibilityGlobals) = postSolution
		SolutionGuid = {36905470-C302-4151-BE65-6A55E0A3F7F3}
	EndGlobalSection
EndGlobal
